
Microsoft Visual Studio Solution File, Format Version 12.00
# Visual Studio 15
VisualStudioVersion = 15.0.28307.645
MinimumVisualStudioVersion = 10.0.40219.1
Project("{9A19103F-16F7-4668-BE54-9A1E7A4F7556}") = "NewZarinPal", "NewZarinPal.csproj", "{A0A8AB56-654F-4240-BC5E-09ED91264EB0}"
EndProject
Global
	GlobalSection(SolutionConfigurationPlatforms) = preSolution
		Debug|Any CPU = Debug|Any CPU
		Release|Any CPU = Release|Any CPU
	EndGlobalSection
	GlobalSection(ProjectConfigurationPlatforms) = postSolution
		{A0A8AB56-654F-4240-BC5E-09ED91264EB0}.Debug|Any CPU.ActiveCfg = Debug|Any CPU
		{A0A8AB56-654F-4240-BC5E-09ED91264EB0}.Debug|Any CPU.Build.0 = Debug|Any CPU
		{A0A8AB56-654F-4240-BC5E-09ED91264EB0}.Release|Any CPU.ActiveCfg = Release|Any CPU
		{A0A8AB56-654F-4240-BC5E-09ED91264EB0}.Release|Any CPU.Build.0 = Release|Any CPU
	EndGlobalSection
	GlobalSection(SolutionProperties) = preSolution
		HideSolutionNode = FALSE
	EndGlobalSection
	GlobalSection(ExtensibilityGlobals) = postSolution
		SolutionGuid = {FBD1930C-73DB-4CD4-AD78-54772EB6A86D}
	EndGlobalSection
EndGlobal
